
Microsoft Visual Studio Solution File, Format Version 12.00
# Visual Studio Version 17
VisualStudioVersion = 17.1.32407.343
MinimumVisualStudioVersion = 10.0.40219.1
Project("{FAE04EC0-301F-11D3-BF4B-00C04F79EFBC}") = "SaunaEscape", "SaunaEscape\SaunaEscape.csproj", "{C44FEBF6-B916-4BDF-B4E9-6F7140D0FFAA}"
EndProject
Global
	GlobalSection(SolutionConfigurationPlatforms) = preSolution
		Debug|Any CPU = Debug|Any CPU
		Release|Any CPU = Release|Any CPU
	EndGlobalSection
	GlobalSection(ProjectConfigurationPlatforms) = postSolution
		{C44FEBF6-B916-4BDF-B4E9-6F7140D0FFAA}.Debug|Any CPU.ActiveCfg = Debug|Any CPU
		{C44FEBF6-B916-4BDF-B4E9-6F7140D0FFAA}.Debug|Any CPU.Build.0 = Debug|Any CPU
		{C44FEBF6-B916-4BDF-B4E9-6F7140D0FFAA}.Release|Any CPU.ActiveCfg = Release|Any CPU
		{C44FEBF6-B916-4BDF-B4E9-6F7140D0FFAA}.Release|Any CPU.Build.0 = Release|Any CPU
	EndGlobalSection
	GlobalSection(SolutionProperties) = preSolution
		HideSolutionNode = FALSE
	EndGlobalSection
	GlobalSection(ExtensibilityGlobals) = postSolution
		SolutionGuid = {85085340-9B77-4D3F-8ACD-6C21138D83EA}
	EndGlobalSection
EndGlobal
