
Microsoft Visual Studio Solution File, Format Version 12.00
# Visual Studio Version 17
VisualStudioVersion = 17.1.32407.343
MinimumVisualStudioVersion = 10.0.40219.1
Project("{FAE04EC0-301F-11D3-BF4B-00C04F79EFBC}") = "Nelikentta", "Nelikentta\Nelikentta.csproj", "{DFC1FF4E-F62C-411A-8A2A-E60B2FC40451}"
EndProject
Global
	GlobalSection(SolutionConfigurationPlatforms) = preSolution
		Debug|Any CPU = Debug|Any CPU
		Release|Any CPU = Release|Any CPU
	EndGlobalSection
	GlobalSection(ProjectConfigurationPlatforms) = postSolution
		{DFC1FF4E-F62C-411A-8A2A-E60B2FC40451}.Debug|Any CPU.ActiveCfg = Debug|Any CPU
		{DFC1FF4E-F62C-411A-8A2A-E60B2FC40451}.Debug|Any CPU.Build.0 = Debug|Any CPU
		{DFC1FF4E-F62C-411A-8A2A-E60B2FC40451}.Release|Any CPU.ActiveCfg = Release|Any CPU
		{DFC1FF4E-F62C-411A-8A2A-E60B2FC40451}.Release|Any CPU.Build.0 = Release|Any CPU
	EndGlobalSection
	GlobalSection(SolutionProperties) = preSolution
		HideSolutionNode = FALSE
	EndGlobalSection
	GlobalSection(ExtensibilityGlobals) = postSolution
		SolutionGuid = {4E4CFD1E-A5E9-4BF4-8DE9-533071D7C16E}
	EndGlobalSection
EndGlobal
