
Microsoft Visual Studio Solution File, Format Version 12.00
# Visual Studio Version 17
VisualStudioVersion = 17.1.32407.343
MinimumVisualStudioVersion = 10.0.40219.1
Project("{FAE04EC0-301F-11D3-BF4B-00C04F79EFBC}") = "PeliDemo", "PeliDemo\PeliDemo.csproj", "{8792B8EE-2D06-486A-AA45-DB307AAF99EF}"
EndProject
Global
	GlobalSection(SolutionConfigurationPlatforms) = preSolution
		Debug|Any CPU = Debug|Any CPU
		Release|Any CPU = Release|Any CPU
	EndGlobalSection
	GlobalSection(ProjectConfigurationPlatforms) = postSolution
		{8792B8EE-2D06-486A-AA45-DB307AAF99EF}.Debug|Any CPU.ActiveCfg = Debug|Any CPU
		{8792B8EE-2D06-486A-AA45-DB307AAF99EF}.Debug|Any CPU.Build.0 = Debug|Any CPU
		{8792B8EE-2D06-486A-AA45-DB307AAF99EF}.Release|Any CPU.ActiveCfg = Release|Any CPU
		{8792B8EE-2D06-486A-AA45-DB307AAF99EF}.Release|Any CPU.Build.0 = Release|Any CPU
	EndGlobalSection
	GlobalSection(SolutionProperties) = preSolution
		HideSolutionNode = FALSE
	EndGlobalSection
	GlobalSection(ExtensibilityGlobals) = postSolution
		SolutionGuid = {CB67BED6-F467-4884-989D-B7C039E3160A}
	EndGlobalSection
EndGlobal
